
Microsoft Visual Studio Solution File, Format Version 12.00
# Visual Studio Version 17
VisualStudioVersion = 17.9.34714.143
MinimumVisualStudioVersion = 10.0.40219.1
Project("{FAE04EC0-301F-11D3-BF4B-00C04F79EFBC}") = "menhely", "menhely\menhely.csproj", "{EEAFBEE2-A05C-4D36-8E9A-56FD1C6C1D4F}"
EndProject
Global
	GlobalSection(SolutionConfigurationPlatforms) = preSolution
		Debug|Any CPU = Debug|Any CPU
		Release|Any CPU = Release|Any CPU
	EndGlobalSection
	GlobalSection(ProjectConfigurationPlatforms) = postSolution
		{EEAFBEE2-A05C-4D36-8E9A-56FD1C6C1D4F}.Debug|Any CPU.ActiveCfg = Debug|Any CPU
		{EEAFBEE2-A05C-4D36-8E9A-56FD1C6C1D4F}.Debug|Any CPU.Build.0 = Debug|Any CPU
		{EEAFBEE2-A05C-4D36-8E9A-56FD1C6C1D4F}.Release|Any CPU.ActiveCfg = Release|Any CPU
		{EEAFBEE2-A05C-4D36-8E9A-56FD1C6C1D4F}.Release|Any CPU.Build.0 = Release|Any CPU
	EndGlobalSection
	GlobalSection(SolutionProperties) = preSolution
		HideSolutionNode = FALSE
	EndGlobalSection
	GlobalSection(ExtensibilityGlobals) = postSolution
		SolutionGuid = {ACE693A1-A8D2-46D6-92DA-BB2B3E336590}
	EndGlobalSection
EndGlobal
